
Microsoft Visual Studio Solution File, Format Version 12.00
# Visual Studio Version 16
VisualStudioVersion = 16.0.30711.63
MinimumVisualStudioVersion = 10.0.40219.1
Project("{FAE04EC0-301F-11D3-BF4B-00C04F79EFBC}") = "CUM.Test", "CUM.Test\CUM.Test.csproj", "{F756C875-1DA3-4E28-885D-C11ED4F66DF0}"
EndProject
Project("{FAE04EC0-301F-11D3-BF4B-00C04F79EFBC}") = "CUM.Domain", "CUM.Domain\CUM.Domain.csproj", "{0051113F-FD90-411C-B164-8C7387CB289D}"
EndProject
Global
	GlobalSection(SolutionConfigurationPlatforms) = preSolution
		Debug|Any CPU = Debug|Any CPU
		Release|Any CPU = Release|Any CPU
	EndGlobalSection
	GlobalSection(ProjectConfigurationPlatforms) = postSolution
		{F756C875-1DA3-4E28-885D-C11ED4F66DF0}.Debug|Any CPU.ActiveCfg = Debug|Any CPU
		{F756C875-1DA3-4E28-885D-C11ED4F66DF0}.Debug|Any CPU.Build.0 = Debug|Any CPU
		{F756C875-1DA3-4E28-885D-C11ED4F66DF0}.Release|Any CPU.ActiveCfg = Release|Any CPU
		{F756C875-1DA3-4E28-885D-C11ED4F66DF0}.Release|Any CPU.Build.0 = Release|Any CPU
		{0051113F-FD90-411C-B164-8C7387CB289D}.Debug|Any CPU.ActiveCfg = Debug|Any CPU
		{0051113F-FD90-411C-B164-8C7387CB289D}.Debug|Any CPU.Build.0 = Debug|Any CPU
		{0051113F-FD90-411C-B164-8C7387CB289D}.Release|Any CPU.ActiveCfg = Release|Any CPU
		{0051113F-FD90-411C-B164-8C7387CB289D}.Release|Any CPU.Build.0 = Release|Any CPU
	EndGlobalSection
	GlobalSection(SolutionProperties) = preSolution
		HideSolutionNode = FALSE
	EndGlobalSection
	GlobalSection(ExtensibilityGlobals) = postSolution
		SolutionGuid = {F07BFC74-5F8A-4767-B20F-9A17A93ECD72}
	EndGlobalSection
EndGlobal
